
Microsoft Visual Studio Solution File, Format Version 12.00
# Visual Studio Version 16
VisualStudioVersion = 16.0.29411.108
MinimumVisualStudioVersion = 10.0.40219.1
Project("{FAE04EC0-301F-11D3-BF4B-00C04F79EFBC}") = "TotoLotek", "TotoLotek.csproj", "{13462DA2-12D4-4BE8-9013-E42CC0C4D169}"
EndProject
Global
	GlobalSection(SolutionConfigurationPlatforms) = preSolution
		Debug|Any CPU = Debug|Any CPU
		Release|Any CPU = Release|Any CPU
	EndGlobalSection
	GlobalSection(ProjectConfigurationPlatforms) = postSolution
		{13462DA2-12D4-4BE8-9013-E42CC0C4D169}.Debug|Any CPU.ActiveCfg = Debug|Any CPU
		{13462DA2-12D4-4BE8-9013-E42CC0C4D169}.Debug|Any CPU.Build.0 = Debug|Any CPU
		{13462DA2-12D4-4BE8-9013-E42CC0C4D169}.Release|Any CPU.ActiveCfg = Release|Any CPU
		{13462DA2-12D4-4BE8-9013-E42CC0C4D169}.Release|Any CPU.Build.0 = Release|Any CPU
	EndGlobalSection
	GlobalSection(SolutionProperties) = preSolution
		HideSolutionNode = FALSE
	EndGlobalSection
	GlobalSection(ExtensibilityGlobals) = postSolution
		SolutionGuid = {26B10702-26A4-432B-BDA4-B5D8F960BF82}
	EndGlobalSection
EndGlobal
