
Microsoft Visual Studio Solution File, Format Version 12.00
# Visual Studio Version 16
VisualStudioVersion = 16.0.29411.108
MinimumVisualStudioVersion = 10.0.40219.1
Project("{FAE04EC0-301F-11D3-BF4B-00C04F79EFBC}") = "Wyrazenie2", "Wyrazenie2.csproj", "{7FE7E2D8-9A6B-492E-8314-A8F17853ECAB}"
EndProject
Global
	GlobalSection(SolutionConfigurationPlatforms) = preSolution
		Debug|Any CPU = Debug|Any CPU
		Release|Any CPU = Release|Any CPU
	EndGlobalSection
	GlobalSection(ProjectConfigurationPlatforms) = postSolution
		{7FE7E2D8-9A6B-492E-8314-A8F17853ECAB}.Debug|Any CPU.ActiveCfg = Debug|Any CPU
		{7FE7E2D8-9A6B-492E-8314-A8F17853ECAB}.Debug|Any CPU.Build.0 = Debug|Any CPU
		{7FE7E2D8-9A6B-492E-8314-A8F17853ECAB}.Release|Any CPU.ActiveCfg = Release|Any CPU
		{7FE7E2D8-9A6B-492E-8314-A8F17853ECAB}.Release|Any CPU.Build.0 = Release|Any CPU
	EndGlobalSection
	GlobalSection(SolutionProperties) = preSolution
		HideSolutionNode = FALSE
	EndGlobalSection
	GlobalSection(ExtensibilityGlobals) = postSolution
		SolutionGuid = {E1A93B06-1E5C-45F5-B3FC-3C36631F98AC}
	EndGlobalSection
EndGlobal
